// !$*UTF8*$!
{
	archiveVersion = 1;
	classes = {
	};
	objectVersion = 46;
	objects = {

/* Begin PBXBuildFile section */
		0D761E2D1D187EC200E8D28D /* Localizable.strings in Resources */ = {isa = PBXBuildFile; fileRef = 0D761E2F1D187EC200E8D28D /* Localizable.strings */; };
		0DAF42021D18097500D886E4 /* AppDelegate.m in Sources */ = {isa = PBXBuildFile; fileRef = 0DAF42011D18097500D886E4 /* AppDelegate.m */; };
		0DAF42051D18097500D886E4 /* main.m in Sources */ = {isa = PBXBuildFile; fileRef = 0DAF42041D18097500D886E4 /* main.m */; };
		0DAF42071D18097500D886E4 /* Assets.xcassets in Resources */ = {isa = PBXBuildFile; fileRef = 0DAF42061D18097500D886E4 /* Assets.xcassets */; };
		0DAF420A1D18097500D886E4 /* MainMenu.xib in Resources */ = {isa = PBXBuildFile; fileRef = 0DAF42081D18097500D886E4 /* MainMenu.xib */; };
		0DAF42151D18097500D886E4 /* ChromeShareTests.m in Sources */ = {isa = PBXBuildFile; fileRef = 0DAF42141D18097500D886E4 /* ChromeShareTests.m */; };
		0DAF42201D18097500D886E4 /* ChromeShareUITests.m in Sources */ = {isa = PBXBuildFile; fileRef = 0DAF421F1D18097500D886E4 /* ChromeShareUITests.m */; };
		0DAF422F1D18099600D886E4 /* AppKit.framework in Frameworks */ = {isa = PBXBuildFile; fileRef = 0DAF422E1D18099600D886E4 /* AppKit.framework */; };
		0DAF42321D180D0C00D886E4 /* JZShareManager.m in Sources */ = {isa = PBXBuildFile; fileRef = 0DAF42311D180D0C00D886E4 /* JZShareManager.m */; };
		0DAF42441D1829E400D886E4 /* JZSettingsController.m in Sources */ = {isa = PBXBuildFile; fileRef = 0DAF42421D1829E400D886E4 /* JZSettingsController.m */; };
		0DC6916C1D183629009533BA /* Cocoa.framework in Frameworks */ = {isa = PBXBuildFile; fileRef = 0DC6916B1D183629009533BA /* Cocoa.framework */; };
		0DDD12AF1D1878350043AE0E /* JZSettingsController.xib in Resources */ = {isa = PBXBuildFile; fileRef = 0DDD12B11D1878350043AE0E /* JZSettingsController.xib */; };
		94717ED1491D1B40C92A3322 /* libPods-ChromeShareUITests.a in Frameworks */ = {isa = PBXBuildFile; fileRef = D31BB332771013D02469BD83 /* libPods-ChromeShareUITests.a */; };
		C0431BD7E62C55AE1F2773EE /* libPods-ChromeShareTests.a in Frameworks */ = {isa = PBXBuildFile; fileRef = 0829174101CBD589669E4E14 /* libPods-ChromeShareTests.a */; };
		E2393ADEAB9BD32F289955B9 /* libPods-ChromeShare.a in Frameworks */ = {isa = PBXBuildFile; fileRef = 101C1FAD4574347F531062A1 /* libPods-ChromeShare.a */; };
/* End PBXBuildFile section */

/* Begin PBXContainerItemProxy section */
		0DAF42111D18097500D886E4 /* PBXContainerItemProxy */ = {
			isa = PBXContainerItemProxy;
			containerPortal = 0DAF41F51D18097500D886E4 /* Project object */;
			proxyType = 1;
			remoteGlobalIDString = 0DAF41FC1D18097500D886E4;
			remoteInfo = ChromeShare;
		};
		0DAF421C1D18097500D886E4 /* PBXContainerItemProxy */ = {
			isa = PBXContainerItemProxy;
			containerPortal = 0DAF41F51D18097500D886E4 /* Project object */;
			proxyType = 1;
			remoteGlobalIDString = 0DAF41FC1D18097500D886E4;
			remoteInfo = ChromeShare;
		};
/* End PBXContainerItemProxy section */

/* Begin PBXFileReference section */
		0829174101CBD589669E4E14 /* libPods-ChromeShareTests.a */ = {isa = PBXFileReference; explicitFileType = archive.ar; includeInIndex = 0; path = "libPods-ChromeShareTests.a"; sourceTree = BUILT_PRODUCTS_DIR; };
		0D761E2E1D187EC200E8D28D /* zh-Hans */ = {isa = PBXFileReference; lastKnownFileType = text.plist.strings; name = "zh-Hans"; path = "zh-Hans.lproj/Localizable.strings"; sourceTree = "<group>"; };
		0D761E301D18816500E8D28D /* zh-Hant */ = {isa = PBXFileReference; lastKnownFileType = text.plist.strings; name = "zh-Hant"; path = "zh-Hant.lproj/Localizable.strings"; sourceTree = "<group>"; };
		0DAF41FD1D18097500D886E4 /* WebDrop.app */ = {isa = PBXFileReference; explicitFileType = wrapper.application; includeInIndex = 0; path = WebDrop.app; sourceTree = BUILT_PRODUCTS_DIR; };
		0DAF42001D18097500D886E4 /* AppDelegate.h */ = {isa = PBXFileReference; lastKnownFileType = sourcecode.c.h; path = AppDelegate.h; sourceTree = "<group>"; };
		0DAF42011D18097500D886E4 /* AppDelegate.m */ = {isa = PBXFileReference; lastKnownFileType = sourcecode.c.objc; path = AppDelegate.m; sourceTree = "<group>"; };
		0DAF42041D18097500D886E4 /* main.m */ = {isa = PBXFileReference; lastKnownFileType = sourcecode.c.objc; path = main.m; sourceTree = "<group>"; };
		0DAF42061D18097500D886E4 /* Assets.xcassets */ = {isa = PBXFileReference; lastKnownFileType = folder.assetcatalog; path = Assets.xcassets; sourceTree = "<group>"; };
		0DAF42091D18097500D886E4 /* Base */ = {isa = PBXFileReference; lastKnownFileType = file.xib; name = Base; path = Base.lproj/MainMenu.xib; sourceTree = "<group>"; };
		0DAF420B1D18097500D886E4 /* Info.plist */ = {isa = PBXFileReference; lastKnownFileType = text.plist.xml; path = Info.plist; sourceTree = "<group>"; };
		0DAF42101D18097500D886E4 /* WebDrop.xctest */ = {isa = PBXFileReference; explicitFileType = wrapper.cfbundle; includeInIndex = 0; path = WebDrop.xctest; sourceTree = BUILT_PRODUCTS_DIR; };
		0DAF42141D18097500D886E4 /* ChromeShareTests.m */ = {isa = PBXFileReference; lastKnownFileType = sourcecode.c.objc; path = ChromeShareTests.m; sourceTree = "<group>"; };
		0DAF42161D18097500D886E4 /* Info.plist */ = {isa = PBXFileReference; lastKnownFileType = text.plist.xml; path = Info.plist; sourceTree = "<group>"; };
		0DAF421B1D18097500D886E4 /* WebDrop.xctest */ = {isa = PBXFileReference; explicitFileType = wrapper.cfbundle; includeInIndex = 0; path = WebDrop.xctest; sourceTree = BUILT_PRODUCTS_DIR; };
		0DAF421F1D18097500D886E4 /* ChromeShareUITests.m */ = {isa = PBXFileReference; lastKnownFileType = sourcecode.c.objc; path = ChromeShareUITests.m; sourceTree = "<group>"; };
		0DAF42211D18097500D886E4 /* Info.plist */ = {isa = PBXFileReference; lastKnownFileType = text.plist.xml; path = Info.plist; sourceTree = "<group>"; };
		0DAF422E1D18099600D886E4 /* AppKit.framework */ = {isa = PBXFileReference; lastKnownFileType = wrapper.framework; name = AppKit.framework; path = System/Library/Frameworks/AppKit.framework; sourceTree = SDKROOT; };
		0DAF42301D180D0C00D886E4 /* JZShareManager.h */ = {isa = PBXFileReference; fileEncoding = 4; lastKnownFileType = sourcecode.c.h; path = JZShareManager.h; sourceTree = "<group>"; };
		0DAF42311D180D0C00D886E4 /* JZShareManager.m */ = {isa = PBXFileReference; fileEncoding = 4; lastKnownFileType = sourcecode.c.objc; path = JZShareManager.m; sourceTree = "<group>"; };
		0DAF42411D1829E400D886E4 /* JZSettingsController.h */ = {isa = PBXFileReference; fileEncoding = 4; lastKnownFileType = sourcecode.c.h; path = JZSettingsController.h; sourceTree = "<group>"; };
		0DAF42421D1829E400D886E4 /* JZSettingsController.m */ = {isa = PBXFileReference; fileEncoding = 4; lastKnownFileType = sourcecode.c.objc; path = JZSettingsController.m; sourceTree = "<group>"; };
		0DC6916B1D183629009533BA /* Cocoa.framework */ = {isa = PBXFileReference; lastKnownFileType = wrapper.framework; name = Cocoa.framework; path = System/Library/Frameworks/Cocoa.framework; sourceTree = SDKROOT; };
		0DDD12AC1D18631A0043AE0E /* ChromeShare.entitlements */ = {isa = PBXFileReference; lastKnownFileType = text.xml; path = ChromeShare.entitlements; sourceTree = "<group>"; };
		0DDD12B01D1878350043AE0E /* en */ = {isa = PBXFileReference; lastKnownFileType = file.xib; name = en; path = en.lproj/JZSettingsController.xib; sourceTree = "<group>"; };
		0DDD12B31D1878680043AE0E /* zh-Hans */ = {isa = PBXFileReference; lastKnownFileType = file.xib; name = "zh-Hans"; path = "zh-Hans.lproj/JZSettingsController.xib"; sourceTree = "<group>"; };
		0DDD12B51D18786C0043AE0E /* zh-Hant */ = {isa = PBXFileReference; lastKnownFileType = file.xib; name = "zh-Hant"; path = "zh-Hant.lproj/JZSettingsController.xib"; sourceTree = "<group>"; };
		101C1FAD4574347F531062A1 /* libPods-ChromeShare.a */ = {isa = PBXFileReference; explicitFileType = archive.ar; includeInIndex = 0; path = "libPods-ChromeShare.a"; sourceTree = BUILT_PRODUCTS_DIR; };
		541DFBE236984E318FB1EDB6 /* Pods-ChromeShareTests.release.xcconfig */ = {isa = PBXFileReference; includeInIndex = 1; lastKnownFileType = text.xcconfig; name = "Pods-ChromeShareTests.release.xcconfig"; path = "Pods/Target Support Files/Pods-ChromeShareTests/Pods-ChromeShareTests.release.xcconfig"; sourceTree = "<group>"; };
		6EE533726A786B7BA082A5F7 /* Pods-ChromeShare.debug.xcconfig */ = {isa = PBXFileReference; includeInIndex = 1; lastKnownFileType = text.xcconfig; name = "Pods-ChromeShare.debug.xcconfig"; path = "Pods/Target Support Files/Pods-ChromeShare/Pods-ChromeShare.debug.xcconfig"; sourceTree = "<group>"; };
		70F5013761BEE9A5825EE8CA /* Pods-ChromeShareTests.debug.xcconfig */ = {isa = PBXFileReference; includeInIndex = 1; lastKnownFileType = text.xcconfig; name = "Pods-ChromeShareTests.debug.xcconfig"; path = "Pods/Target Support Files/Pods-ChromeShareTests/Pods-ChromeShareTests.debug.xcconfig"; sourceTree = "<group>"; };
		A06072633910583EC8734562 /* Pods-ChromeShareUITests.release.xcconfig */ = {isa = PBXFileReference; includeInIndex = 1; lastKnownFileType = text.xcconfig; name = "Pods-ChromeShareUITests.release.xcconfig"; path = "Pods/Target Support Files/Pods-ChromeShareUITests/Pods-ChromeShareUITests.release.xcconfig"; sourceTree = "<group>"; };
		D27827FC2A1C28B906B24263 /* Pods-ChromeShare.release.xcconfig */ = {isa = PBXFileReference; includeInIndex = 1; lastKnownFileType = text.xcconfig; name = "Pods-ChromeShare.release.xcconfig"; path = "Pods/Target Support Files/Pods-ChromeShare/Pods-ChromeShare.release.xcconfig"; sourceTree = "<group>"; };
		D31BB332771013D02469BD83 /* libPods-ChromeShareUITests.a */ = {isa = PBXFileReference; explicitFileType = archive.ar; includeInIndex = 0; path = "libPods-ChromeShareUITests.a"; sourceTree = BUILT_PRODUCTS_DIR; };
		F4C3579A7CE76257490B413C /* Pods-ChromeShareUITests.debug.xcconfig */ = {isa = PBXFileReference; includeInIndex = 1; lastKnownFileType = text.xcconfig; name = "Pods-ChromeShareUITests.debug.xcconfig"; path = "Pods/Target Support Files/Pods-ChromeShareUITests/Pods-ChromeShareUITests.debug.xcconfig"; sourceTree = "<group>"; };
/* End PBXFileReference section */

/* Begin PBXFrameworksBuildPhase section */
		0DAF41FA1D18097500D886E4 /* Frameworks */ = {
			isa = PBXFrameworksBuildPhase;
			buildActionMask = 2147483647;
			files = (
				0DC6916C1D183629009533BA /* Cocoa.framework in Frameworks */,
				0DAF422F1D18099600D886E4 /* AppKit.framework in Frameworks */,
				E2393ADEAB9BD32F289955B9 /* libPods-ChromeShare.a in Frameworks */,
			);
			runOnlyForDeploymentPostprocessing = 0;
		};
		0DAF420D1D18097500D886E4 /* Frameworks */ = {
			isa = PBXFrameworksBuildPhase;
			buildActionMask = 2147483647;
			files = (
				C0431BD7E62C55AE1F2773EE /* libPods-ChromeShareTests.a in Frameworks */,
			);
			runOnlyForDeploymentPostprocessing = 0;
		};
		0DAF42181D18097500D886E4 /* Frameworks */ = {
			isa = PBXFrameworksBuildPhase;
			buildActionMask = 2147483647;
			files = (
				94717ED1491D1B40C92A3322 /* libPods-ChromeShareUITests.a in Frameworks */,
			);
			runOnlyForDeploymentPostprocessing = 0;
		};
/* End PBXFrameworksBuildPhase section */

/* Begin PBXGroup section */
		0DAF41F41D18097500D886E4 = {
			isa = PBXGroup;
			children = (
				0DAF41FF1D18097500D886E4 /* ChromeShare */,
				0DAF42131D18097500D886E4 /* ChromeShareTests */,
				0DAF421E1D18097500D886E4 /* ChromeShareUITests */,
				0DAF41FE1D18097500D886E4 /* Products */,
				0DAF422D1D18099600D886E4 /* Frameworks */,
				56ACFBEFF74F4EEB207A3AD0 /* Pods */,
			);
			sourceTree = "<group>";
		};
		0DAF41FE1D18097500D886E4 /* Products */ = {
			isa = PBXGroup;
			children = (
				0DAF41FD1D18097500D886E4 /* WebDrop.app */,
				0DAF42101D18097500D886E4 /* WebDrop.xctest */,
				0DAF421B1D18097500D886E4 /* WebDrop.xctest */,
			);
			name = Products;
			sourceTree = "<group>";
		};
		0DAF41FF1D18097500D886E4 /* ChromeShare */ = {
			isa = PBXGroup;
			children = (
				0DDD12AC1D18631A0043AE0E /* ChromeShare.entitlements */,
				0DAF42001D18097500D886E4 /* AppDelegate.h */,
				0DAF42011D18097500D886E4 /* AppDelegate.m */,
				0DAF42301D180D0C00D886E4 /* JZShareManager.h */,
				0DAF42311D180D0C00D886E4 /* JZShareManager.m */,
				0DAF42411D1829E400D886E4 /* JZSettingsController.h */,
				0DAF42421D1829E400D886E4 /* JZSettingsController.m */,
				0D761E2F1D187EC200E8D28D /* Localizable.strings */,
				0DDD12B11D1878350043AE0E /* JZSettingsController.xib */,
				0DAF42061D18097500D886E4 /* Assets.xcassets */,
				0DAF42081D18097500D886E4 /* MainMenu.xib */,
				0DAF420B1D18097500D886E4 /* Info.plist */,
				0DAF42031D18097500D886E4 /* Supporting Files */,
			);
			path = ChromeShare;
			sourceTree = "<group>";
		};
		0DAF42031D18097500D886E4 /* Supporting Files */ = {
			isa = PBXGroup;
			children = (
				0DAF42041D18097500D886E4 /* main.m */,
			);
			name = "Supporting Files";
			sourceTree = "<group>";
		};
		0DAF42131D18097500D886E4 /* ChromeShareTests */ = {
			isa = PBXGroup;
			children = (
				0DAF42141D18097500D886E4 /* ChromeShareTests.m */,
				0DAF42161D18097500D886E4 /* Info.plist */,
			);
			path = ChromeShareTests;
			sourceTree = "<group>";
		};
		0DAF421E1D18097500D886E4 /* ChromeShareUITests */ = {
			isa = PBXGroup;
			children = (
				0DAF421F1D18097500D886E4 /* ChromeShareUITests.m */,
				0DAF42211D18097500D886E4 /* Info.plist */,
			);
			path = ChromeShareUITests;
			sourceTree = "<group>";
		};
		0DAF422D1D18099600D886E4 /* Frameworks */ = {
			isa = PBXGroup;
			children = (
				0DC6916B1D183629009533BA /* Cocoa.framework */,
				0DAF422E1D18099600D886E4 /* AppKit.framework */,
				101C1FAD4574347F531062A1 /* libPods-ChromeShare.a */,
				0829174101CBD589669E4E14 /* libPods-ChromeShareTests.a */,
				D31BB332771013D02469BD83 /* libPods-ChromeShareUITests.a */,
			);
			name = Frameworks;
			sourceTree = "<group>";
		};
		56ACFBEFF74F4EEB207A3AD0 /* Pods */ = {
			isa = PBXGroup;
			children = (
				6EE533726A786B7BA082A5F7 /* Pods-ChromeShare.debug.xcconfig */,
				D27827FC2A1C28B906B24263 /* Pods-ChromeShare.release.xcconfig */,
				70F5013761BEE9A5825EE8CA /* Pods-ChromeShareTests.debug.xcconfig */,
				541DFBE236984E318FB1EDB6 /* Pods-ChromeShareTests.release.xcconfig */,
				F4C3579A7CE76257490B413C /* Pods-ChromeShareUITests.debug.xcconfig */,
				A06072633910583EC8734562 /* Pods-ChromeShareUITests.release.xcconfig */,
			);
			name = Pods;
			sourceTree = "<group>";
		};
/* End PBXGroup section */

/* Begin PBXNativeTarget section */
		0DAF41FC1D18097500D886E4 /* WebDrop */ = {
			isa = PBXNativeTarget;
			buildConfigurationList = 0DAF42241D18097500D886E4 /* Build configuration list for PBXNativeTarget "WebDrop" */;
			buildPhases = (
				D88E1E4830900C9C19FD6490 /* [CP] Check Pods Manifest.lock */,
				0DAF41F91D18097500D886E4 /* Sources */,
				0DAF41FA1D18097500D886E4 /* Frameworks */,
				0DAF41FB1D18097500D886E4 /* Resources */,
				FCF4881132793E1FE598C851 /* [CP] Embed Pods Frameworks */,
				E07CFDA49DCF84376FCB305E /* [CP] Copy Pods Resources */,
			);
			buildRules = (
			);
			dependencies = (
			);
			name = WebDrop;
			productName = ChromeShare;
			productReference = 0DAF41FD1D18097500D886E4 /* WebDrop.app */;
			productType = "com.apple.product-type.application";
		};
		0DAF420F1D18097500D886E4 /* WebDropTests */ = {
			isa = PBXNativeTarget;
			buildConfigurationList = 0DAF42271D18097500D886E4 /* Build configuration list for PBXNativeTarget "WebDropTests" */;
			buildPhases = (
				D73EA30BAB2B2B6A16E5A693 /* [CP] Check Pods Manifest.lock */,
				0DAF420C1D18097500D886E4 /* Sources */,
				0DAF420D1D18097500D886E4 /* Frameworks */,
				0DAF420E1D18097500D886E4 /* Resources */,
				6F77B3A4AB084445AA1EF71D /* [CP] Embed Pods Frameworks */,
				4988BB6BCF0C8FF7CCDA9DF7 /* [CP] Copy Pods Resources */,
			);
			buildRules = (
			);
			dependencies = (
				0DAF42121D18097500D886E4 /* PBXTargetDependency */,
			);
			name = WebDropTests;
			productName = ChromeShareTests;
			productReference = 0DAF42101D18097500D886E4 /* WebDrop.xctest */;
			productType = "com.apple.product-type.bundle.unit-test";
		};
		0DAF421A1D18097500D886E4 /* WebDropUITests */ = {
			isa = PBXNativeTarget;
			buildConfigurationList = 0DAF422A1D18097500D886E4 /* Build configuration list for PBXNativeTarget "WebDropUITests" */;
			buildPhases = (
				072D19A8E9A4F3A797A3E863 /* [CP] Check Pods Manifest.lock */,
				0DAF42171D18097500D886E4 /* Sources */,
				0DAF42181D18097500D886E4 /* Frameworks */,
				0DAF42191D18097500D886E4 /* Resources */,
				0EC1097B3F4D5FD8DCDE00E5 /* [CP] Copy Pods Resources */,
			);
			buildRules = (
			);
			dependencies = (
				0DAF421D1D18097500D886E4 /* PBXTargetDependency */,
			);
			name = WebDropUITests;
			productName = ChromeShareUITests;
			productReference = 0DAF421B1D18097500D886E4 /* WebDrop.xctest */;
			productType = "com.apple.product-type.bundle.ui-testing";
		};
/* End PBXNativeTarget section */

/* Begin PBXProject section */
		0DAF41F51D18097500D886E4 /* Project object */ = {
			isa = PBXProject;
			attributes = {
				LastUpgradeCheck = 0800;
				ORGANIZATIONNAME = JustZht;
				TargetAttributes = {
					0DAF41FC1D18097500D886E4 = {
						CreatedOnToolsVersion = 8.0;
						DevelopmentTeam = 9QJ8M25J77;
						DevelopmentTeamName = "Haotian Zheng";
						ProvisioningStyle = Automatic;
						SystemCapabilities = {
							com.apple.Sandbox = {
								enabled = 1;
							};
						};
					};
					0DAF420F1D18097500D886E4 = {
						CreatedOnToolsVersion = 8.0;
						DevelopmentTeam = 9QJ8M25J77;
						DevelopmentTeamName = "Haotian Zheng";
						ProvisioningStyle = Automatic;
						TestTargetID = 0DAF41FC1D18097500D886E4;
					};
					0DAF421A1D18097500D886E4 = {
						CreatedOnToolsVersion = 8.0;
						DevelopmentTeam = 9QJ8M25J77;
						DevelopmentTeamName = "Haotian Zheng";
						ProvisioningStyle = Automatic;
						TestTargetID = 0DAF41FC1D18097500D886E4;
					};
				};
			};
			buildConfigurationList = 0DAF41F81D18097500D886E4 /* Build configuration list for PBXProject "WebDrop" */;
			compatibilityVersion = "Xcode 3.2";
			developmentRegion = English;
			hasScannedForEncodings = 0;
			knownRegions = (
				en,
				Base,
				"zh-Hans",
				"zh-Hant",
			);
			mainGroup = 0DAF41F41D18097500D886E4;
			productRefGroup = 0DAF41FE1D18097500D886E4 /* Products */;
			projectDirPath = "";
			projectRoot = "";
			targets = (
				0DAF41FC1D18097500D886E4 /* WebDrop */,
				0DAF420F1D18097500D886E4 /* WebDropTests */,
				0DAF421A1D18097500D886E4 /* WebDropUITests */,
			);
		};
/* End PBXProject section */

/* Begin PBXResourcesBuildPhase section */
		0DAF41FB1D18097500D886E4 /* Resources */ = {
			isa = PBXResourcesBuildPhase;
			buildActionMask = 2147483647;
			files = (
				0D761E2D1D187EC200E8D28D /* Localizable.strings in Resources */,
				0DDD12AF1D1878350043AE0E /* JZSettingsController.xib in Resources */,
				0DAF42071D18097500D886E4 /* Assets.xcassets in Resources */,
				0DAF420A1D18097500D886E4 /* MainMenu.xib in Resources */,
			);
			runOnlyForDeploymentPostprocessing = 0;
		};
		0DAF420E1D18097500D886E4 /* Resources */ = {
			isa = PBXResourcesBuildPhase;
			buildActionMask = 2147483647;
			files = (
			);
			runOnlyForDeploymentPostprocessing = 0;
		};
		0DAF42191D18097500D886E4 /* Resources */ = {
			isa = PBXResourcesBuildPhase;
			buildActionMask = 2147483647;
			files = (
			);
			runOnlyForDeploymentPostprocessing = 0;
		};
/* End PBXResourcesBuildPhase section */

/* Begin PBXShellScriptBuildPhase section */
		072D19A8E9A4F3A797A3E863 /* [CP] Check Pods Manifest.lock */ = {
			isa = PBXShellScriptBuildPhase;
			buildActionMask = 2147483647;
			files = (
			);
			inputPaths = (
			);
			name = "[CP] Check Pods Manifest.lock";
			outputPaths = (
			);
			runOnlyForDeploymentPostprocessing = 0;
			shellPath = /bin/sh;
			shellScript = "diff \"${PODS_ROOT}/../Podfile.lock\" \"${PODS_ROOT}/Manifest.lock\" > /dev/null\nif [[ $? != 0 ]] ; then\n    cat << EOM\nerror: The sandbox is not in sync with the Podfile.lock. Run 'pod install' or update your CocoaPods installation.\nEOM\n    exit 1\nfi\n";
			showEnvVarsInLog = 0;
		};
		0EC1097B3F4D5FD8DCDE00E5 /* [CP] Copy Pods Resources */ = {
			isa = PBXShellScriptBuildPhase;
			buildActionMask = 2147483647;
			files = (
			);
			inputPaths = (
			);
			name = "[CP] Copy Pods Resources";
			outputPaths = (
			);
			runOnlyForDeploymentPostprocessing = 0;
			shellPath = /bin/sh;
			shellScript = "\"${SRCROOT}/Pods/Target Support Files/Pods-ChromeShareUITests/Pods-ChromeShareUITests-resources.sh\"\n";
			showEnvVarsInLog = 0;
		};
		4988BB6BCF0C8FF7CCDA9DF7 /* [CP] Copy Pods Resources */ = {
			isa = PBXShellScriptBuildPhase;
			buildActionMask = 2147483647;
			files = (
			);
			inputPaths = (
			);
			name = "[CP] Copy Pods Resources";
			outputPaths = (
			);
			runOnlyForDeploymentPostprocessing = 0;
			shellPath = /bin/sh;
			shellScript = "\"${SRCROOT}/Pods/Target Support Files/Pods-ChromeShareTests/Pods-ChromeShareTests-resources.sh\"\n";
			showEnvVarsInLog = 0;
		};
		6F77B3A4AB084445AA1EF71D /* [CP] Embed Pods Frameworks */ = {
			isa = PBXShellScriptBuildPhase;
			buildActionMask = 2147483647;
			files = (
			);
			inputPaths = (
			);
			name = "[CP] Embed Pods Frameworks";
			outputPaths = (
			);
			runOnlyForDeploymentPostprocessing = 0;
			shellPath = /bin/sh;
			shellScript = "\"${SRCROOT}/Pods/Target Support Files/Pods-ChromeShareTests/Pods-ChromeShareTests-frameworks.sh\"\n";
			showEnvVarsInLog = 0;
		};
		D73EA30BAB2B2B6A16E5A693 /* [CP] Check Pods Manifest.lock */ = {
			isa = PBXShellScriptBuildPhase;
			buildActionMask = 2147483647;
			files = (
			);
			inputPaths = (
			);
			name = "[CP] Check Pods Manifest.lock";
			outputPaths = (
			);
			runOnlyForDeploymentPostprocessing = 0;
			shellPath = /bin/sh;
			shellScript = "diff \"${PODS_ROOT}/../Podfile.lock\" \"${PODS_ROOT}/Manifest.lock\" > /dev/null\nif [[ $? != 0 ]] ; then\n    cat << EOM\nerror: The sandbox is not in sync with the Podfile.lock. Run 'pod install' or update your CocoaPods installation.\nEOM\n    exit 1\nfi\n";
			showEnvVarsInLog = 0;
		};
		D88E1E4830900C9C19FD6490 /* [CP] Check Pods Manifest.lock */ = {
			isa = PBXShellScriptBuildPhase;
			buildActionMask = 2147483647;
			files = (
			);
			inputPaths = (
			);
			name = "[CP] Check Pods Manifest.lock";
			outputPaths = (
			);
			runOnlyForDeploymentPostprocessing = 0;
			shellPath = /bin/sh;
			shellScript = "diff \"${PODS_ROOT}/../Podfile.lock\" \"${PODS_ROOT}/Manifest.lock\" > /dev/null\nif [[ $? != 0 ]] ; then\n    cat << EOM\nerror: The sandbox is not in sync with the Podfile.lock. Run 'pod install' or update your CocoaPods installation.\nEOM\n    exit 1\nfi\n";
			showEnvVarsInLog = 0;
		};
		E07CFDA49DCF84376FCB305E /* [CP] Copy Pods Resources */ = {
			isa = PBXShellScriptBuildPhase;
			buildActionMask = 2147483647;
			files = (
			);
			inputPaths = (
			);
			name = "[CP] Copy Pods Resources";
			outputPaths = (
			);
			runOnlyForDeploymentPostprocessing = 0;
			shellPath = /bin/sh;
			shellScript = "\"${SRCROOT}/Pods/Target Support Files/Pods-ChromeShare/Pods-ChromeShare-resources.sh\"\n";
			showEnvVarsInLog = 0;
		};
		FCF4881132793E1FE598C851 /* [CP] Embed Pods Frameworks */ = {
			isa = PBXShellScriptBuildPhase;
			buildActionMask = 2147483647;
			files = (
			);
			inputPaths = (
			);
			name = "[CP] Embed Pods Frameworks";
			outputPaths = (
			);
			runOnlyForDeploymentPostprocessing = 0;
			shellPath = /bin/sh;
			shellScript = "\"${SRCROOT}/Pods/Target Support Files/Pods-ChromeShare/Pods-ChromeShare-frameworks.sh\"\n";
			showEnvVarsInLog = 0;
		};
/* End PBXShellScriptBuildPhase section */

/* Begin PBXSourcesBuildPhase section */
		0DAF41F91D18097500D886E4 /* Sources */ = {
			isa = PBXSourcesBuildPhase;
			buildActionMask = 2147483647;
			files = (
				0DAF42051D18097500D886E4 /* main.m in Sources */,
				0DAF42021D18097500D886E4 /* AppDelegate.m in Sources */,
				0DAF42441D1829E400D886E4 /* JZSettingsController.m in Sources */,
				0DAF42321D180D0C00D886E4 /* JZShareManager.m in Sources */,
			);
			runOnlyForDeploymentPostprocessing = 0;
		};
		0DAF420C1D18097500D886E4 /* Sources */ = {
			isa = PBXSourcesBuildPhase;
			buildActionMask = 2147483647;
			files = (
				0DAF42151D18097500D886E4 /* ChromeShareTests.m in Sources */,
			);
			runOnlyForDeploymentPostprocessing = 0;
		};
		0DAF42171D18097500D886E4 /* Sources */ = {
			isa = PBXSourcesBuildPhase;
			buildActionMask = 2147483647;
			files = (
				0DAF42201D18097500D886E4 /* ChromeShareUITests.m in Sources */,
			);
			runOnlyForDeploymentPostprocessing = 0;
		};
/* End PBXSourcesBuildPhase section */

/* Begin PBXTargetDependency section */
		0DAF42121D18097500D886E4 /* PBXTargetDependency */ = {
			isa = PBXTargetDependency;
			target = 0DAF41FC1D18097500D886E4 /* WebDrop */;
			targetProxy = 0DAF42111D18097500D886E4 /* PBXContainerItemProxy */;
		};
		0DAF421D1D18097500D886E4 /* PBXTargetDependency */ = {
			isa = PBXTargetDependency;
			target = 0DAF41FC1D18097500D886E4 /* WebDrop */;
			targetProxy = 0DAF421C1D18097500D886E4 /* PBXContainerItemProxy */;
		};
/* End PBXTargetDependency section */

/* Begin PBXVariantGroup section */
		0D761E2F1D187EC200E8D28D /* Localizable.strings */ = {
			isa = PBXVariantGroup;
			children = (
				0D761E2E1D187EC200E8D28D /* zh-Hans */,
				0D761E301D18816500E8D28D /* zh-Hant */,
			);
			name = Localizable.strings;
			sourceTree = "<group>";
		};
		0DAF42081D18097500D886E4 /* MainMenu.xib */ = {
			isa = PBXVariantGroup;
			children = (
				0DAF42091D18097500D886E4 /* Base */,
			);
			name = MainMenu.xib;
			sourceTree = "<group>";
		};
		0DDD12B11D1878350043AE0E /* JZSettingsController.xib */ = {
			isa = PBXVariantGroup;
			children = (
				0DDD12B01D1878350043AE0E /* en */,
				0DDD12B31D1878680043AE0E /* zh-Hans */,
				0DDD12B51D18786C0043AE0E /* zh-Hant */,
			);
			name = JZSettingsController.xib;
			sourceTree = "<group>";
		};
/* End PBXVariantGroup section */

/* Begin XCBuildConfiguration section */
		0DAF42221D18097500D886E4 /* Debug */ = {
			isa = XCBuildConfiguration;
			buildSettings = {
				ALWAYS_SEARCH_USER_PATHS = NO;
				CLANG_ANALYZER_NONNULL = YES;
				CLANG_CXX_LANGUAGE_STANDARD = "gnu++0x";
				CLANG_CXX_LIBRARY = "libc++";
				CLANG_ENABLE_MODULES = YES;
				CLANG_ENABLE_OBJC_ARC = YES;
				CLANG_WARN_BOOL_CONVERSION = YES;
				CLANG_WARN_CONSTANT_CONVERSION = YES;
				CLANG_WARN_DIRECT_OBJC_ISA_USAGE = YES_ERROR;
				CLANG_WARN_DOCUMENTATION_COMMENTS = YES;
				CLANG_WARN_EMPTY_BODY = YES;
				CLANG_WARN_ENUM_CONVERSION = YES;
				CLANG_WARN_INT_CONVERSION = YES;
				CLANG_WARN_OBJC_ROOT_CLASS = YES_ERROR;
				CLANG_WARN_UNREACHABLE_CODE = YES;
				CLANG_WARN__DUPLICATE_METHOD_MATCH = YES;
				CODE_SIGN_IDENTITY = "-";
				COPY_PHASE_STRIP = NO;
				DEBUG_INFORMATION_FORMAT = dwarf;
				ENABLE_STRICT_OBJC_MSGSEND = YES;
				ENABLE_TESTABILITY = YES;
				GCC_C_LANGUAGE_STANDARD = gnu99;
				GCC_DYNAMIC_NO_PIC = NO;
				GCC_NO_COMMON_BLOCKS = YES;
				GCC_OPTIMIZATION_LEVEL = 0;
				GCC_PREPROCESSOR_DEFINITIONS = (
					"DEBUG=1",
					"$(inherited)",
				);
				GCC_WARN_64_TO_32_BIT_CONVERSION = YES;
				GCC_WARN_ABOUT_RETURN_TYPE = YES_ERROR;
				GCC_WARN_UNDECLARED_SELECTOR = YES;
				GCC_WARN_UNINITIALIZED_AUTOS = YES_AGGRESSIVE;
				GCC_WARN_UNUSED_FUNCTION = YES;
				GCC_WARN_UNUSED_VARIABLE = YES;
				MACOSX_DEPLOYMENT_TARGET = 10.9;
				MTL_ENABLE_DEBUG_INFO = YES;
				ONLY_ACTIVE_ARCH = YES;
				SDKROOT = macosx;
			};
			name = Debug;
		};
		0DAF42231D18097500D886E4 /* Release */ = {
			isa = XCBuildConfiguration;
			buildSettings = {
				ALWAYS_SEARCH_USER_PATHS = NO;
				CLANG_ANALYZER_NONNULL = YES;
				CLANG_CXX_LANGUAGE_STANDARD = "gnu++0x";
				CLANG_CXX_LIBRARY = "libc++";
				CLANG_ENABLE_MODULES = YES;
				CLANG_ENABLE_OBJC_ARC = YES;
				CLANG_WARN_BOOL_CONVERSION = YES;
				CLANG_WARN_CONSTANT_CONVERSION = YES;
				CLANG_WARN_DIRECT_OBJC_ISA_USAGE = YES_ERROR;
				CLANG_WARN_DOCUMENTATION_COMMENTS = YES;
				CLANG_WARN_EMPTY_BODY = YES;
				CLANG_WARN_ENUM_CONVERSION = YES;
				CLANG_WARN_INT_CONVERSION = YES;
				CLANG_WARN_OBJC_ROOT_CLASS = YES_ERROR;
				CLANG_WARN_UNREACHABLE_CODE = YES;
				CLANG_WARN__DUPLICATE_METHOD_MATCH = YES;
				CODE_SIGN_IDENTITY = "-";
				COPY_PHASE_STRIP = NO;
				DEBUG_INFORMATION_FORMAT = "dwarf-with-dsym";
				ENABLE_NS_ASSERTIONS = NO;
				ENABLE_STRICT_OBJC_MSGSEND = YES;
				GCC_C_LANGUAGE_STANDARD = gnu99;
				GCC_NO_COMMON_BLOCKS = YES;
				GCC_WARN_64_TO_32_BIT_CONVERSION = YES;
				GCC_WARN_ABOUT_RETURN_TYPE = YES_ERROR;
				GCC_WARN_UNDECLARED_SELECTOR = YES;
				GCC_WARN_UNINITIALIZED_AUTOS = YES_AGGRESSIVE;
				GCC_WARN_UNUSED_FUNCTION = YES;
				GCC_WARN_UNUSED_VARIABLE = YES;
				MACOSX_DEPLOYMENT_TARGET = 10.9;
				MTL_ENABLE_DEBUG_INFO = NO;
				SDKROOT = macosx;
			};
			name = Release;
		};
		0DAF42251D18097500D886E4 /* Debug */ = {
			isa = XCBuildConfiguration;
			baseConfigurationReference = 6EE533726A786B7BA082A5F7 /* Pods-ChromeShare.debug.xcconfig */;
			buildSettings = {
				ASSETCATALOG_COMPILER_APPICON_NAME = AppIcon;
				CODE_SIGN_ENTITLEMENTS = ChromeShare/ChromeShare.entitlements;
				CODE_SIGN_IDENTITY = "Mac Developer";
				COMBINE_HIDPI_IMAGES = YES;
				INFOPLIST_FILE = ChromeShare/Info.plist;
				LD_RUNPATH_SEARCH_PATHS = "$(inherited) @executable_path/../Frameworks";
				MACOSX_DEPLOYMENT_TARGET = 10.9;
				PRODUCT_BUNDLE_IDENTIFIER = com.JustZht.ChromeShare;
				PRODUCT_NAME = WebDrop;
			};
			name = Debug;
		};
		0DAF42261D18097500D886E4 /* Release */ = {
			isa = XCBuildConfiguration;
			baseConfigurationReference = D27827FC2A1C28B906B24263 /* Pods-ChromeShare.release.xcconfig */;
			buildSettings = {
				ASSETCATALOG_COMPILER_APPICON_NAME = AppIcon;
				CODE_SIGN_ENTITLEMENTS = ChromeShare/ChromeShare.entitlements;
				CODE_SIGN_IDENTITY = "Mac Developer";
				COMBINE_HIDPI_IMAGES = YES;
				INFOPLIST_FILE = ChromeShare/Info.plist;
				LD_RUNPATH_SEARCH_PATHS = "$(inherited) @executable_path/../Frameworks";
				MACOSX_DEPLOYMENT_TARGET = 10.9;
				PRODUCT_BUNDLE_IDENTIFIER = com.JustZht.ChromeShare;
				PRODUCT_NAME = WebDrop;
			};
			name = Release;
		};
		0DAF42281D18097500D886E4 /* Debug */ = {
			isa = XCBuildConfiguration;
			baseConfigurationReference = 70F5013761BEE9A5825EE8CA /* Pods-ChromeShareTests.debug.xcconfig */;
			buildSettings = {
				BUNDLE_LOADER = "$(TEST_HOST)";
				COMBINE_HIDPI_IMAGES = YES;
				INFOPLIST_FILE = ChromeShareTests/Info.plist;
				LD_RUNPATH_SEARCH_PATHS = "$(inherited) @executable_path/../Frameworks @loader_path/../Frameworks";
				PRODUCT_BUNDLE_IDENTIFIER = com.JustZht.ChromeShareTests;
				PRODUCT_NAME = WebDrop;
				TEST_HOST = "$(BUILT_PRODUCTS_DIR)/WebDrop.app/Contents/MacOS/WebDrop";
			};
			name = Debug;
		};
		0DAF42291D18097500D886E4 /* Release */ = {
			isa = XCBuildConfiguration;
			baseConfigurationReference = 541DFBE236984E318FB1EDB6 /* Pods-ChromeShareTests.release.xcconfig */;
			buildSettings = {
				BUNDLE_LOADER = "$(TEST_HOST)";
				COMBINE_HIDPI_IMAGES = YES;
				INFOPLIST_FILE = ChromeShareTests/Info.plist;
				LD_RUNPATH_SEARCH_PATHS = "$(inherited) @executable_path/../Frameworks @loader_path/../Frameworks";
				PRODUCT_BUNDLE_IDENTIFIER = com.JustZht.ChromeShareTests;
				PRODUCT_NAME = WebDrop;
				TEST_HOST = "$(BUILT_PRODUCTS_DIR)/WebDrop.app/Contents/MacOS/WebDrop";
			};
			name = Release;
		};
		0DAF422B1D18097500D886E4 /* Debug */ = {
			isa = XCBuildConfiguration;
			baseConfigurationReference = F4C3579A7CE76257490B413C /* Pods-ChromeShareUITests.debug.xcconfig */;
			buildSettings = {
				COMBINE_HIDPI_IMAGES = YES;
				INFOPLIST_FILE = ChromeShareUITests/Info.plist;
				LD_RUNPATH_SEARCH_PATHS = "$(inherited) @executable_path/../Frameworks @loader_path/../Frameworks";
				PRODUCT_BUNDLE_IDENTIFIER = com.JustZht.ChromeShareUITests;
				PRODUCT_NAME = WebDrop;
				TEST_TARGET_NAME = ChromeShare;
			};
			name = Debug;
		};
		0DAF422C1D18097500D886E4 /* Release */ = {
			isa = XCBuildConfiguration;
			baseConfigurationReference = A06072633910583EC8734562 /* Pods-ChromeShareUITests.release.xcconfig */;
			buildSettings = {
				COMBINE_HIDPI_IMAGES = YES;
				INFOPLIST_FILE = ChromeShareUITests/Info.plist;
				LD_RUNPATH_SEARCH_PATHS = "$(inherited) @executable_path/../Frameworks @loader_path/../Frameworks";
				PRODUCT_BUNDLE_IDENTIFIER = com.JustZht.ChromeShareUITests;
				PRODUCT_NAME = WebDrop;
				TEST_TARGET_NAME = ChromeShare;
			};
			name = Release;
		};
/* End XCBuildConfiguration section */

/* Begin XCConfigurationList section */
		0DAF41F81D18097500D886E4 /* Build configuration list for PBXProject "WebDrop" */ = {
			isa = XCConfigurationList;
			buildConfigurations = (
				0DAF42221D18097500D886E4 /* Debug */,
				0DAF42231D18097500D886E4 /* Release */,
			);
			defaultConfigurationIsVisible = 0;
			defaultConfigurationName = Release;
		};
		0DAF42241D18097500D886E4 /* Build configuration list for PBXNativeTarget "WebDrop" */ = {
			isa = XCConfigurationList;
			buildConfigurations = (
				0DAF42251D18097500D886E4 /* Debug */,
				0DAF42261D18097500D886E4 /* Release */,
			);
			defaultConfigurationIsVisible = 0;
			defaultConfigurationName = Release;
		};
		0DAF42271D18097500D886E4 /* Build configuration list for PBXNativeTarget "WebDropTests" */ = {
			isa = XCConfigurationList;
			buildConfigurations = (
				0DAF42281D18097500D886E4 /* Debug */,
				0DAF42291D18097500D886E4 /* Release */,
			);
			defaultConfigurationIsVisible = 0;
			defaultConfigurationName = Release;
		};
		0DAF422A1D18097500D886E4 /* Build configuration list for PBXNativeTarget "WebDropUITests" */ = {
			isa = XCConfigurationList;
			buildConfigurations = (
				0DAF422B1D18097500D886E4 /* Debug */,
				0DAF422C1D18097500D886E4 /* Release */,
			);
			defaultConfigurationIsVisible = 0;
			defaultConfigurationName = Release;
		};
/* End XCConfigurationList section */
	};
	rootObject = 0DAF41F51D18097500D886E4 /* Project object */;
}
