// !$*UTF8*$!
{
	archiveVersion = 1;
	classes = {
	};
	objectVersion = 46;
	objects = {

/* Begin PBXBuildFile section */
		0D2595AB1EE6790C004B21BD /* StartAtLoginController.m in Sources */ = {isa = PBXBuildFile; fileRef = 0D2595A81EE6790C004B21BD /* StartAtLoginController.m */; };
		0D2595AC1EE6790C004B21BD /* JZLaunchOnLoginManager.m in Sources */ = {isa = PBXBuildFile; fileRef = 0D2595AA1EE6790C004B21BD /* JZLaunchOnLoginManager.m */; };
		0D2595B61EE67967004B21BD /* AppDelegate.m in Sources */ = {isa = PBXBuildFile; fileRef = 0D2595B51EE67967004B21BD /* AppDelegate.m */; };
		0D2595B91EE67967004B21BD /* main.m in Sources */ = {isa = PBXBuildFile; fileRef = 0D2595B81EE67967004B21BD /* main.m */; };
		0D2595BE1EE67967004B21BD /* Assets.xcassets in Resources */ = {isa = PBXBuildFile; fileRef = 0D2595BD1EE67967004B21BD /* Assets.xcassets */; };
		0D2595C71EE679C7004B21BD /* MainMenu.xib in Resources */ = {isa = PBXBuildFile; fileRef = 0D2595C61EE679C7004B21BD /* MainMenu.xib */; };
		0D761E2D1D187EC200E8D28D /* Localizable.strings in Resources */ = {isa = PBXBuildFile; fileRef = 0D761E2F1D187EC200E8D28D /* Localizable.strings */; };
		0DAF42021D18097500D886E4 /* AppDelegate.m in Sources */ = {isa = PBXBuildFile; fileRef = 0DAF42011D18097500D886E4 /* AppDelegate.m */; };
		0DAF42051D18097500D886E4 /* main.m in Sources */ = {isa = PBXBuildFile; fileRef = 0DAF42041D18097500D886E4 /* main.m */; };
		0DAF42071D18097500D886E4 /* Assets.xcassets in Resources */ = {isa = PBXBuildFile; fileRef = 0DAF42061D18097500D886E4 /* Assets.xcassets */; };
		0DAF420A1D18097500D886E4 /* MainMenu.xib in Resources */ = {isa = PBXBuildFile; fileRef = 0DAF42081D18097500D886E4 /* MainMenu.xib */; };
		0DAF42151D18097500D886E4 /* ChromeShareTests.m in Sources */ = {isa = PBXBuildFile; fileRef = 0DAF42141D18097500D886E4 /* ChromeShareTests.m */; };
		0DAF42201D18097500D886E4 /* ChromeShareUITests.m in Sources */ = {isa = PBXBuildFile; fileRef = 0DAF421F1D18097500D886E4 /* ChromeShareUITests.m */; };
		0DAF422F1D18099600D886E4 /* AppKit.framework in Frameworks */ = {isa = PBXBuildFile; fileRef = 0DAF422E1D18099600D886E4 /* AppKit.framework */; };
		0DAF42321D180D0C00D886E4 /* JZShareManager.m in Sources */ = {isa = PBXBuildFile; fileRef = 0DAF42311D180D0C00D886E4 /* JZShareManager.m */; };
		0DAF42441D1829E400D886E4 /* JZSettingsController.m in Sources */ = {isa = PBXBuildFile; fileRef = 0DAF42421D1829E400D886E4 /* JZSettingsController.m */; };
		0DC6916C1D183629009533BA /* Cocoa.framework in Frameworks */ = {isa = PBXBuildFile; fileRef = 0DC6916B1D183629009533BA /* Cocoa.framework */; };
		0DDD12AF1D1878350043AE0E /* JZSettingsController.xib in Resources */ = {isa = PBXBuildFile; fileRef = 0DDD12B11D1878350043AE0E /* JZSettingsController.xib */; };
		CC31C34415D11D2B5ED55085 /* libPods-WebDrop.a in Frameworks */ = {isa = PBXBuildFile; fileRef = 1D9099BE83DE03C1EA844F1B /* libPods-WebDrop.a */; };
/* End PBXBuildFile section */

/* Begin PBXContainerItemProxy section */
		0DAF42111D18097500D886E4 /* PBXContainerItemProxy */ = {
			isa = PBXContainerItemProxy;
			containerPortal = 0DAF41F51D18097500D886E4 /* Project object */;
			proxyType = 1;
			remoteGlobalIDString = 0DAF41FC1D18097500D886E4;
			remoteInfo = ChromeShare;
		};
		0DAF421C1D18097500D886E4 /* PBXContainerItemProxy */ = {
			isa = PBXContainerItemProxy;
			containerPortal = 0DAF41F51D18097500D886E4 /* Project object */;
			proxyType = 1;
			remoteGlobalIDString = 0DAF41FC1D18097500D886E4;
			remoteInfo = ChromeShare;
		};
/* End PBXContainerItemProxy section */

/* Begin PBXFileReference section */
		0D2595A71EE6790C004B21BD /* StartAtLoginController.h */ = {isa = PBXFileReference; fileEncoding = 4; lastKnownFileType = sourcecode.c.h; path = StartAtLoginController.h; sourceTree = "<group>"; };
		0D2595A81EE6790C004B21BD /* StartAtLoginController.m */ = {isa = PBXFileReference; fileEncoding = 4; lastKnownFileType = sourcecode.c.objc; path = StartAtLoginController.m; sourceTree = "<group>"; };
		0D2595A91EE6790C004B21BD /* JZLaunchOnLoginManager.h */ = {isa = PBXFileReference; fileEncoding = 4; lastKnownFileType = sourcecode.c.h; path = JZLaunchOnLoginManager.h; sourceTree = "<group>"; };
		0D2595AA1EE6790C004B21BD /* JZLaunchOnLoginManager.m */ = {isa = PBXFileReference; fileEncoding = 4; lastKnownFileType = sourcecode.c.objc; path = JZLaunchOnLoginManager.m; sourceTree = "<group>"; };
		0D2595B21EE67966004B21BD /* WebDropLoginHelper.app */ = {isa = PBXFileReference; explicitFileType = wrapper.application; includeInIndex = 0; path = WebDropLoginHelper.app; sourceTree = BUILT_PRODUCTS_DIR; };
		0D2595B41EE67967004B21BD /* AppDelegate.h */ = {isa = PBXFileReference; lastKnownFileType = sourcecode.c.h; path = AppDelegate.h; sourceTree = "<group>"; };
		0D2595B51EE67967004B21BD /* AppDelegate.m */ = {isa = PBXFileReference; lastKnownFileType = sourcecode.c.objc; path = AppDelegate.m; sourceTree = "<group>"; };
		0D2595B81EE67967004B21BD /* main.m */ = {isa = PBXFileReference; lastKnownFileType = sourcecode.c.objc; path = main.m; sourceTree = "<group>"; };
		0D2595BD1EE67967004B21BD /* Assets.xcassets */ = {isa = PBXFileReference; lastKnownFileType = folder.assetcatalog; path = Assets.xcassets; sourceTree = "<group>"; };
		0D2595C21EE67967004B21BD /* Info.plist */ = {isa = PBXFileReference; lastKnownFileType = text.plist.xml; path = Info.plist; sourceTree = "<group>"; };
		0D2595C61EE679C7004B21BD /* MainMenu.xib */ = {isa = PBXFileReference; fileEncoding = 4; lastKnownFileType = file.xib; path = MainMenu.xib; sourceTree = "<group>"; };
		0D761E2E1D187EC200E8D28D /* zh-Hans */ = {isa = PBXFileReference; lastKnownFileType = text.plist.strings; name = "zh-Hans"; path = "zh-Hans.lproj/Localizable.strings"; sourceTree = "<group>"; };
		0D761E301D18816500E8D28D /* zh-Hant */ = {isa = PBXFileReference; lastKnownFileType = text.plist.strings; name = "zh-Hant"; path = "zh-Hant.lproj/Localizable.strings"; sourceTree = "<group>"; };
		0DAF41FD1D18097500D886E4 /* WebDrop.app */ = {isa = PBXFileReference; explicitFileType = wrapper.application; includeInIndex = 0; path = WebDrop.app; sourceTree = BUILT_PRODUCTS_DIR; };
		0DAF42001D18097500D886E4 /* AppDelegate.h */ = {isa = PBXFileReference; lastKnownFileType = sourcecode.c.h; path = AppDelegate.h; sourceTree = "<group>"; };
		0DAF42011D18097500D886E4 /* AppDelegate.m */ = {isa = PBXFileReference; lastKnownFileType = sourcecode.c.objc; path = AppDelegate.m; sourceTree = "<group>"; };
		0DAF42041D18097500D886E4 /* main.m */ = {isa = PBXFileReference; lastKnownFileType = sourcecode.c.objc; path = main.m; sourceTree = "<group>"; };
		0DAF42061D18097500D886E4 /* Assets.xcassets */ = {isa = PBXFileReference; lastKnownFileType = folder.assetcatalog; path = Assets.xcassets; sourceTree = "<group>"; };
		0DAF42091D18097500D886E4 /* Base */ = {isa = PBXFileReference; lastKnownFileType = file.xib; name = Base; path = Base.lproj/MainMenu.xib; sourceTree = "<group>"; };
		0DAF420B1D18097500D886E4 /* Info.plist */ = {isa = PBXFileReference; lastKnownFileType = text.plist.xml; path = Info.plist; sourceTree = "<group>"; };
		0DAF42101D18097500D886E4 /* WebDrop.xctest */ = {isa = PBXFileReference; explicitFileType = wrapper.cfbundle; includeInIndex = 0; path = WebDrop.xctest; sourceTree = BUILT_PRODUCTS_DIR; };
		0DAF42141D18097500D886E4 /* ChromeShareTests.m */ = {isa = PBXFileReference; lastKnownFileType = sourcecode.c.objc; path = ChromeShareTests.m; sourceTree = "<group>"; };
		0DAF42161D18097500D886E4 /* Info.plist */ = {isa = PBXFileReference; lastKnownFileType = text.plist.xml; path = Info.plist; sourceTree = "<group>"; };
		0DAF421B1D18097500D886E4 /* WebDrop.xctest */ = {isa = PBXFileReference; explicitFileType = wrapper.cfbundle; includeInIndex = 0; path = WebDrop.xctest; sourceTree = BUILT_PRODUCTS_DIR; };
		0DAF421F1D18097500D886E4 /* ChromeShareUITests.m */ = {isa = PBXFileReference; lastKnownFileType = sourcecode.c.objc; path = ChromeShareUITests.m; sourceTree = "<group>"; };
		0DAF42211D18097500D886E4 /* Info.plist */ = {isa = PBXFileReference; lastKnownFileType = text.plist.xml; path = Info.plist; sourceTree = "<group>"; };
		0DAF422E1D18099600D886E4 /* AppKit.framework */ = {isa = PBXFileReference; lastKnownFileType = wrapper.framework; name = AppKit.framework; path = System/Library/Frameworks/AppKit.framework; sourceTree = SDKROOT; };
		0DAF42301D180D0C00D886E4 /* JZShareManager.h */ = {isa = PBXFileReference; fileEncoding = 4; lastKnownFileType = sourcecode.c.h; path = JZShareManager.h; sourceTree = "<group>"; };
		0DAF42311D180D0C00D886E4 /* JZShareManager.m */ = {isa = PBXFileReference; fileEncoding = 4; lastKnownFileType = sourcecode.c.objc; path = JZShareManager.m; sourceTree = "<group>"; };
		0DAF42411D1829E400D886E4 /* JZSettingsController.h */ = {isa = PBXFileReference; fileEncoding = 4; lastKnownFileType = sourcecode.c.h; path = JZSettingsController.h; sourceTree = "<group>"; };
		0DAF42421D1829E400D886E4 /* JZSettingsController.m */ = {isa = PBXFileReference; fileEncoding = 4; lastKnownFileType = sourcecode.c.objc; path = JZSettingsController.m; sourceTree = "<group>"; };
		0DC6916B1D183629009533BA /* Cocoa.framework */ = {isa = PBXFileReference; lastKnownFileType = wrapper.framework; name = Cocoa.framework; path = System/Library/Frameworks/Cocoa.framework; sourceTree = SDKROOT; };
		0DDD12AC1D18631A0043AE0E /* ChromeShare.entitlements */ = {isa = PBXFileReference; lastKnownFileType = text.xml; path = ChromeShare.entitlements; sourceTree = "<group>"; };
		0DDD12B01D1878350043AE0E /* en */ = {isa = PBXFileReference; lastKnownFileType = file.xib; name = en; path = en.lproj/JZSettingsController.xib; sourceTree = "<group>"; };
		0DDD12B31D1878680043AE0E /* zh-Hans */ = {isa = PBXFileReference; lastKnownFileType = file.xib; name = "zh-Hans"; path = "zh-Hans.lproj/JZSettingsController.xib"; sourceTree = "<group>"; };
		0DDD12B51D18786C0043AE0E /* zh-Hant */ = {isa = PBXFileReference; lastKnownFileType = file.xib; name = "zh-Hant"; path = "zh-Hant.lproj/JZSettingsController.xib"; sourceTree = "<group>"; };
		1D9099BE83DE03C1EA844F1B /* libPods-WebDrop.a */ = {isa = PBXFileReference; explicitFileType = archive.ar; includeInIndex = 0; path = "libPods-WebDrop.a"; sourceTree = BUILT_PRODUCTS_DIR; };
		207D18817673A4F2D7B680FE /* Pods-WebDrop.release.xcconfig */ = {isa = PBXFileReference; includeInIndex = 1; lastKnownFileType = text.xcconfig; name = "Pods-WebDrop.release.xcconfig"; path = "Pods/Target Support Files/Pods-WebDrop/Pods-WebDrop.release.xcconfig"; sourceTree = "<group>"; };
		3A0A449B7CE14B75A1AC8CF4 /* Pods-WebDrop.debug.xcconfig */ = {isa = PBXFileReference; includeInIndex = 1; lastKnownFileType = text.xcconfig; name = "Pods-WebDrop.debug.xcconfig"; path = "Pods/Target Support Files/Pods-WebDrop/Pods-WebDrop.debug.xcconfig"; sourceTree = "<group>"; };
/* End PBXFileReference section */

/* Begin PBXFrameworksBuildPhase section */
		0D2595AF1EE67966004B21BD /* Frameworks */ = {
			isa = PBXFrameworksBuildPhase;
			buildActionMask = 2147483647;
			files = (
			);
			runOnlyForDeploymentPostprocessing = 0;
		};
		0DAF41FA1D18097500D886E4 /* Frameworks */ = {
			isa = PBXFrameworksBuildPhase;
			buildActionMask = 2147483647;
			files = (
				0DC6916C1D183629009533BA /* Cocoa.framework in Frameworks */,
				0DAF422F1D18099600D886E4 /* AppKit.framework in Frameworks */,
				CC31C34415D11D2B5ED55085 /* libPods-WebDrop.a in Frameworks */,
			);
			runOnlyForDeploymentPostprocessing = 0;
		};
		0DAF420D1D18097500D886E4 /* Frameworks */ = {
			isa = PBXFrameworksBuildPhase;
			buildActionMask = 2147483647;
			files = (
			);
			runOnlyForDeploymentPostprocessing = 0;
		};
		0DAF42181D18097500D886E4 /* Frameworks */ = {
			isa = PBXFrameworksBuildPhase;
			buildActionMask = 2147483647;
			files = (
			);
			runOnlyForDeploymentPostprocessing = 0;
		};
/* End PBXFrameworksBuildPhase section */

/* Begin PBXGroup section */
		0D2595AD1EE67912004B21BD /* LaunchOnLogin */ = {
			isa = PBXGroup;
			children = (
				0D2595A71EE6790C004B21BD /* StartAtLoginController.h */,
				0D2595A81EE6790C004B21BD /* StartAtLoginController.m */,
				0D2595A91EE6790C004B21BD /* JZLaunchOnLoginManager.h */,
				0D2595AA1EE6790C004B21BD /* JZLaunchOnLoginManager.m */,
			);
			name = LaunchOnLogin;
			sourceTree = "<group>";
		};
		0D2595B31EE67967004B21BD /* WebDropLoginHelper */ = {
			isa = PBXGroup;
			children = (
				0D2595B41EE67967004B21BD /* AppDelegate.h */,
				0D2595B51EE67967004B21BD /* AppDelegate.m */,
				0D2595C61EE679C7004B21BD /* MainMenu.xib */,
				0D2595BD1EE67967004B21BD /* Assets.xcassets */,
				0D2595C21EE67967004B21BD /* Info.plist */,
				0D2595B71EE67967004B21BD /* Supporting Files */,
			);
			path = WebDropLoginHelper;
			sourceTree = "<group>";
		};
		0D2595B71EE67967004B21BD /* Supporting Files */ = {
			isa = PBXGroup;
			children = (
				0D2595B81EE67967004B21BD /* main.m */,
			);
			name = "Supporting Files";
			sourceTree = "<group>";
		};
		0DAF41F41D18097500D886E4 = {
			isa = PBXGroup;
			children = (
				0DAF41FF1D18097500D886E4 /* ChromeShare */,
				0DAF42131D18097500D886E4 /* ChromeShareTests */,
				0DAF421E1D18097500D886E4 /* ChromeShareUITests */,
				0D2595B31EE67967004B21BD /* WebDropLoginHelper */,
				0DAF41FE1D18097500D886E4 /* Products */,
				0DAF422D1D18099600D886E4 /* Frameworks */,
				16F38236108A179DB2987F5A /* Pods */,
			);
			sourceTree = "<group>";
		};
		0DAF41FE1D18097500D886E4 /* Products */ = {
			isa = PBXGroup;
			children = (
				0DAF41FD1D18097500D886E4 /* WebDrop.app */,
				0DAF42101D18097500D886E4 /* WebDrop.xctest */,
				0DAF421B1D18097500D886E4 /* WebDrop.xctest */,
				0D2595B21EE67966004B21BD /* WebDropLoginHelper.app */,
			);
			name = Products;
			sourceTree = "<group>";
		};
		0DAF41FF1D18097500D886E4 /* ChromeShare */ = {
			isa = PBXGroup;
			children = (
				0DDD12AC1D18631A0043AE0E /* ChromeShare.entitlements */,
				0DAF42001D18097500D886E4 /* AppDelegate.h */,
				0DAF42011D18097500D886E4 /* AppDelegate.m */,
				0DAF42301D180D0C00D886E4 /* JZShareManager.h */,
				0DAF42311D180D0C00D886E4 /* JZShareManager.m */,
				0DAF42411D1829E400D886E4 /* JZSettingsController.h */,
				0DAF42421D1829E400D886E4 /* JZSettingsController.m */,
				0D2595AD1EE67912004B21BD /* LaunchOnLogin */,
				0D761E2F1D187EC200E8D28D /* Localizable.strings */,
				0DDD12B11D1878350043AE0E /* JZSettingsController.xib */,
				0DAF42061D18097500D886E4 /* Assets.xcassets */,
				0DAF42081D18097500D886E4 /* MainMenu.xib */,
				0DAF420B1D18097500D886E4 /* Info.plist */,
				0DAF42031D18097500D886E4 /* Supporting Files */,
			);
			path = ChromeShare;
			sourceTree = "<group>";
		};
		0DAF42031D18097500D886E4 /* Supporting Files */ = {
			isa = PBXGroup;
			children = (
				0DAF42041D18097500D886E4 /* main.m */,
			);
			name = "Supporting Files";
			sourceTree = "<group>";
		};
		0DAF42131D18097500D886E4 /* ChromeShareTests */ = {
			isa = PBXGroup;
			children = (
				0DAF42141D18097500D886E4 /* ChromeShareTests.m */,
				0DAF42161D18097500D886E4 /* Info.plist */,
			);
			path = ChromeShareTests;
			sourceTree = "<group>";
		};
		0DAF421E1D18097500D886E4 /* ChromeShareUITests */ = {
			isa = PBXGroup;
			children = (
				0DAF421F1D18097500D886E4 /* ChromeShareUITests.m */,
				0DAF42211D18097500D886E4 /* Info.plist */,
			);
			path = ChromeShareUITests;
			sourceTree = "<group>";
		};
		0DAF422D1D18099600D886E4 /* Frameworks */ = {
			isa = PBXGroup;
			children = (
				0DC6916B1D183629009533BA /* Cocoa.framework */,
				0DAF422E1D18099600D886E4 /* AppKit.framework */,
				1D9099BE83DE03C1EA844F1B /* libPods-WebDrop.a */,
			);
			name = Frameworks;
			sourceTree = "<group>";
		};
		16F38236108A179DB2987F5A /* Pods */ = {
			isa = PBXGroup;
			children = (
				3A0A449B7CE14B75A1AC8CF4 /* Pods-WebDrop.debug.xcconfig */,
				207D18817673A4F2D7B680FE /* Pods-WebDrop.release.xcconfig */,
			);
			name = Pods;
			sourceTree = "<group>";
		};
/* End PBXGroup section */

/* Begin PBXNativeTarget section */
		0D2595B11EE67966004B21BD /* WebDropLoginHelper */ = {
			isa = PBXNativeTarget;
			buildConfigurationList = 0D2595C31EE67967004B21BD /* Build configuration list for PBXNativeTarget "WebDropLoginHelper" */;
			buildPhases = (
				0D2595AE1EE67966004B21BD /* Sources */,
				0D2595AF1EE67966004B21BD /* Frameworks */,
				0D2595B01EE67966004B21BD /* Resources */,
			);
			buildRules = (
			);
			dependencies = (
			);
			name = WebDropLoginHelper;
			productName = WebDropLoginHelper;
			productReference = 0D2595B21EE67966004B21BD /* WebDropLoginHelper.app */;
			productType = "com.apple.product-type.application";
		};
		0DAF41FC1D18097500D886E4 /* WebDrop */ = {
			isa = PBXNativeTarget;
			buildConfigurationList = 0DAF42241D18097500D886E4 /* Build configuration list for PBXNativeTarget "WebDrop" */;
			buildPhases = (
				993FC9147582F78D53DAB348 /* [CP] Check Pods Manifest.lock */,
				0DAF41F91D18097500D886E4 /* Sources */,
				0DAF41FA1D18097500D886E4 /* Frameworks */,
				0DAF41FB1D18097500D886E4 /* Resources */,
				0D3AB8421E8EC8E600629B9C /* ShellScript */,
				2839EA1FA8D121081208E58F /* [CP] Embed Pods Frameworks */,
				94B72B3E366405B65AF95350 /* [CP] Copy Pods Resources */,
				0D3AB8431E8ECA3400629B9C /* ShellScript */,
			);
			buildRules = (
			);
			dependencies = (
			);
			name = WebDrop;
			productName = ChromeShare;
			productReference = 0DAF41FD1D18097500D886E4 /* WebDrop.app */;
			productType = "com.apple.product-type.application";
		};
		0DAF420F1D18097500D886E4 /* WebDropTests */ = {
			isa = PBXNativeTarget;
			buildConfigurationList = 0DAF42271D18097500D886E4 /* Build configuration list for PBXNativeTarget "WebDropTests" */;
			buildPhases = (
				0DAF420C1D18097500D886E4 /* Sources */,
				0DAF420D1D18097500D886E4 /* Frameworks */,
				0DAF420E1D18097500D886E4 /* Resources */,
			);
			buildRules = (
			);
			dependencies = (
				0DAF42121D18097500D886E4 /* PBXTargetDependency */,
			);
			name = WebDropTests;
			productName = ChromeShareTests;
			productReference = 0DAF42101D18097500D886E4 /* WebDrop.xctest */;
			productType = "com.apple.product-type.bundle.unit-test";
		};
		0DAF421A1D18097500D886E4 /* WebDropUITests */ = {
			isa = PBXNativeTarget;
			buildConfigurationList = 0DAF422A1D18097500D886E4 /* Build configuration list for PBXNativeTarget "WebDropUITests" */;
			buildPhases = (
				0DAF42171D18097500D886E4 /* Sources */,
				0DAF42181D18097500D886E4 /* Frameworks */,
				0DAF42191D18097500D886E4 /* Resources */,
			);
			buildRules = (
			);
			dependencies = (
				0DAF421D1D18097500D886E4 /* PBXTargetDependency */,
			);
			name = WebDropUITests;
			productName = ChromeShareUITests;
			productReference = 0DAF421B1D18097500D886E4 /* WebDrop.xctest */;
			productType = "com.apple.product-type.bundle.ui-testing";
		};
/* End PBXNativeTarget section */

/* Begin PBXProject section */
		0DAF41F51D18097500D886E4 /* Project object */ = {
			isa = PBXProject;
			attributes = {
				LastUpgradeCheck = 0830;
				ORGANIZATIONNAME = JustZht;
				TargetAttributes = {
					0D2595B11EE67966004B21BD = {
						CreatedOnToolsVersion = 8.3.1;
						DevelopmentTeam = 9QJ8M25J77;
						ProvisioningStyle = Automatic;
					};
					0DAF41FC1D18097500D886E4 = {
						CreatedOnToolsVersion = 8.0;
						DevelopmentTeam = 9QJ8M25J77;
						DevelopmentTeamName = "Haotian Zheng";
						ProvisioningStyle = Automatic;
						SystemCapabilities = {
							com.apple.Sandbox = {
								enabled = 1;
							};
						};
					};
					0DAF420F1D18097500D886E4 = {
						CreatedOnToolsVersion = 8.0;
						DevelopmentTeam = 9QJ8M25J77;
						DevelopmentTeamName = "Haotian Zheng";
						ProvisioningStyle = Automatic;
						TestTargetID = 0DAF41FC1D18097500D886E4;
					};
					0DAF421A1D18097500D886E4 = {
						CreatedOnToolsVersion = 8.0;
						DevelopmentTeam = 9QJ8M25J77;
						DevelopmentTeamName = "Haotian Zheng";
						ProvisioningStyle = Automatic;
						TestTargetID = 0DAF41FC1D18097500D886E4;
					};
				};
			};
			buildConfigurationList = 0DAF41F81D18097500D886E4 /* Build configuration list for PBXProject "WebDrop" */;
			compatibilityVersion = "Xcode 3.2";
			developmentRegion = English;
			hasScannedForEncodings = 0;
			knownRegions = (
				en,
				Base,
				"zh-Hans",
				"zh-Hant",
			);
			mainGroup = 0DAF41F41D18097500D886E4;
			productRefGroup = 0DAF41FE1D18097500D886E4 /* Products */;
			projectDirPath = "";
			projectRoot = "";
			targets = (
				0DAF41FC1D18097500D886E4 /* WebDrop */,
				0DAF420F1D18097500D886E4 /* WebDropTests */,
				0DAF421A1D18097500D886E4 /* WebDropUITests */,
				0D2595B11EE67966004B21BD /* WebDropLoginHelper */,
			);
		};
/* End PBXProject section */

/* Begin PBXResourcesBuildPhase section */
		0D2595B01EE67966004B21BD /* Resources */ = {
			isa = PBXResourcesBuildPhase;
			buildActionMask = 2147483647;
			files = (
				0D2595BE1EE67967004B21BD /* Assets.xcassets in Resources */,
				0D2595C71EE679C7004B21BD /* MainMenu.xib in Resources */,
			);
			runOnlyForDeploymentPostprocessing = 0;
		};
		0DAF41FB1D18097500D886E4 /* Resources */ = {
			isa = PBXResourcesBuildPhase;
			buildActionMask = 2147483647;
			files = (
				0D761E2D1D187EC200E8D28D /* Localizable.strings in Resources */,
				0DDD12AF1D1878350043AE0E /* JZSettingsController.xib in Resources */,
				0DAF42071D18097500D886E4 /* Assets.xcassets in Resources */,
				0DAF420A1D18097500D886E4 /* MainMenu.xib in Resources */,
			);
			runOnlyForDeploymentPostprocessing = 0;
		};
		0DAF420E1D18097500D886E4 /* Resources */ = {
			isa = PBXResourcesBuildPhase;
			buildActionMask = 2147483647;
			files = (
			);
			runOnlyForDeploymentPostprocessing = 0;
		};
		0DAF42191D18097500D886E4 /* Resources */ = {
			isa = PBXResourcesBuildPhase;
			buildActionMask = 2147483647;
			files = (
			);
			runOnlyForDeploymentPostprocessing = 0;
		};
/* End PBXResourcesBuildPhase section */

/* Begin PBXShellScriptBuildPhase section */
		0D3AB8421E8EC8E600629B9C /* ShellScript */ = {
			isa = PBXShellScriptBuildPhase;
			buildActionMask = 2147483647;
			files = (
			);
			inputPaths = (
			);
			outputPaths = (
			);
			runOnlyForDeploymentPostprocessing = 0;
			shellPath = /bin/sh;
			shellScript = "\"${PODS_ROOT}/Fabric/run\" a16b406fd4e2436ed428a29739ef5d3c14fb0569 c8d93fa2d50501a4777180b0094f40eaa2e24282ffe23af26ca2448d10487bc5";
		};
		0D3AB8431E8ECA3400629B9C /* ShellScript */ = {
			isa = PBXShellScriptBuildPhase;
			buildActionMask = 2147483647;
			files = (
			);
			inputPaths = (
			);
			outputPaths = (
			);
			runOnlyForDeploymentPostprocessing = 0;
			shellPath = /bin/sh;
			shellScript = "\n# xcode-build-bump.sh\n# @desc Auto-increment the build number every time the project is run.\n# @usage\n# 1. Select: your Target in Xcode\n# 2. Select: Build Phases Tab\n# 3. Select: Add Build Phase -> Add Run Script\n# 4. Paste code below in to new \"Run Script\" section\n# 5. Drag the \"Run Script\" below \"Link Binaries With Libraries\"\n# 6. Insure that your starting build number is set to a whole integer and not a float (e.g. 1, not 1.0)\n\nbuildNumber=$(/usr/libexec/PlistBuddy -c \"Print CFBundleVersion\" \"${PROJECT_DIR}/${INFOPLIST_FILE}\")\nbuildNumber=$(($buildNumber + 1))\n/usr/libexec/PlistBuddy -c \"Set :CFBundleVersion $buildNumber\" \"${PROJECT_DIR}/${INFOPLIST_FILE}\"\n";
		};
		2839EA1FA8D121081208E58F /* [CP] Embed Pods Frameworks */ = {
			isa = PBXShellScriptBuildPhase;
			buildActionMask = 2147483647;
			files = (
			);
			inputPaths = (
			);
			name = "[CP] Embed Pods Frameworks";
			outputPaths = (
			);
			runOnlyForDeploymentPostprocessing = 0;
			shellPath = /bin/sh;
			shellScript = "\"${SRCROOT}/Pods/Target Support Files/Pods-WebDrop/Pods-WebDrop-frameworks.sh\"\n";
			showEnvVarsInLog = 0;
		};
		94B72B3E366405B65AF95350 /* [CP] Copy Pods Resources */ = {
			isa = PBXShellScriptBuildPhase;
			buildActionMask = 2147483647;
			files = (
			);
			inputPaths = (
			);
			name = "[CP] Copy Pods Resources";
			outputPaths = (
			);
			runOnlyForDeploymentPostprocessing = 0;
			shellPath = /bin/sh;
			shellScript = "\"${SRCROOT}/Pods/Target Support Files/Pods-WebDrop/Pods-WebDrop-resources.sh\"\n";
			showEnvVarsInLog = 0;
		};
		993FC9147582F78D53DAB348 /* [CP] Check Pods Manifest.lock */ = {
			isa = PBXShellScriptBuildPhase;
			buildActionMask = 2147483647;
			files = (
			);
			inputPaths = (
			);
			name = "[CP] Check Pods Manifest.lock";
			outputPaths = (
			);
			runOnlyForDeploymentPostprocessing = 0;
			shellPath = /bin/sh;
			shellScript = "diff \"${PODS_PODFILE_DIR_PATH}/Podfile.lock\" \"${PODS_ROOT}/Manifest.lock\" > /dev/null\nif [ $? != 0 ] ; then\n    # print error to STDERR\n    echo \"error: The sandbox is not in sync with the Podfile.lock. Run 'pod install' or update your CocoaPods installation.\" >&2\n    exit 1\nfi\n";
			showEnvVarsInLog = 0;
		};
/* End PBXShellScriptBuildPhase section */

/* Begin PBXSourcesBuildPhase section */
		0D2595AE1EE67966004B21BD /* Sources */ = {
			isa = PBXSourcesBuildPhase;
			buildActionMask = 2147483647;
			files = (
				0D2595B91EE67967004B21BD /* main.m in Sources */,
				0D2595B61EE67967004B21BD /* AppDelegate.m in Sources */,
			);
			runOnlyForDeploymentPostprocessing = 0;
		};
		0DAF41F91D18097500D886E4 /* Sources */ = {
			isa = PBXSourcesBuildPhase;
			buildActionMask = 2147483647;
			files = (
				0DAF42051D18097500D886E4 /* main.m in Sources */,
				0D2595AC1EE6790C004B21BD /* JZLaunchOnLoginManager.m in Sources */,
				0DAF42021D18097500D886E4 /* AppDelegate.m in Sources */,
				0DAF42441D1829E400D886E4 /* JZSettingsController.m in Sources */,
				0D2595AB1EE6790C004B21BD /* StartAtLoginController.m in Sources */,
				0DAF42321D180D0C00D886E4 /* JZShareManager.m in Sources */,
			);
			runOnlyForDeploymentPostprocessing = 0;
		};
		0DAF420C1D18097500D886E4 /* Sources */ = {
			isa = PBXSourcesBuildPhase;
			buildActionMask = 2147483647;
			files = (
				0DAF42151D18097500D886E4 /* ChromeShareTests.m in Sources */,
			);
			runOnlyForDeploymentPostprocessing = 0;
		};
		0DAF42171D18097500D886E4 /* Sources */ = {
			isa = PBXSourcesBuildPhase;
			buildActionMask = 2147483647;
			files = (
				0DAF42201D18097500D886E4 /* ChromeShareUITests.m in Sources */,
			);
			runOnlyForDeploymentPostprocessing = 0;
		};
/* End PBXSourcesBuildPhase section */

/* Begin PBXTargetDependency section */
		0DAF42121D18097500D886E4 /* PBXTargetDependency */ = {
			isa = PBXTargetDependency;
			target = 0DAF41FC1D18097500D886E4 /* WebDrop */;
			targetProxy = 0DAF42111D18097500D886E4 /* PBXContainerItemProxy */;
		};
		0DAF421D1D18097500D886E4 /* PBXTargetDependency */ = {
			isa = PBXTargetDependency;
			target = 0DAF41FC1D18097500D886E4 /* WebDrop */;
			targetProxy = 0DAF421C1D18097500D886E4 /* PBXContainerItemProxy */;
		};
/* End PBXTargetDependency section */

/* Begin PBXVariantGroup section */
		0D761E2F1D187EC200E8D28D /* Localizable.strings */ = {
			isa = PBXVariantGroup;
			children = (
				0D761E2E1D187EC200E8D28D /* zh-Hans */,
				0D761E301D18816500E8D28D /* zh-Hant */,
			);
			name = Localizable.strings;
			sourceTree = "<group>";
		};
		0DAF42081D18097500D886E4 /* MainMenu.xib */ = {
			isa = PBXVariantGroup;
			children = (
				0DAF42091D18097500D886E4 /* Base */,
			);
			name = MainMenu.xib;
			sourceTree = "<group>";
		};
		0DDD12B11D1878350043AE0E /* JZSettingsController.xib */ = {
			isa = PBXVariantGroup;
			children = (
				0DDD12B01D1878350043AE0E /* en */,
				0DDD12B31D1878680043AE0E /* zh-Hans */,
				0DDD12B51D18786C0043AE0E /* zh-Hant */,
			);
			name = JZSettingsController.xib;
			sourceTree = "<group>";
		};
/* End PBXVariantGroup section */

/* Begin XCBuildConfiguration section */
		0D2595C41EE67967004B21BD /* Debug */ = {
			isa = XCBuildConfiguration;
			buildSettings = {
				ASSETCATALOG_COMPILER_APPICON_NAME = AppIcon;
				CLANG_ANALYZER_NUMBER_OBJECT_CONVERSION = YES_AGGRESSIVE;
				CODE_SIGN_IDENTITY = "Mac Developer";
				COMBINE_HIDPI_IMAGES = YES;
				DEVELOPMENT_TEAM = 9QJ8M25J77;
				INFOPLIST_FILE = WebDropLoginHelper/Info.plist;
				LD_RUNPATH_SEARCH_PATHS = "$(inherited) @executable_path/../Frameworks";
				MACOSX_DEPLOYMENT_TARGET = 10.9;
				PRODUCT_BUNDLE_IDENTIFIER = com.JustZht.WebDropLoginHelper;
				PRODUCT_NAME = "$(TARGET_NAME)";
				PROVISIONING_PROFILE_SPECIFIER = "";
			};
			name = Debug;
		};
		0D2595C51EE67967004B21BD /* Release */ = {
			isa = XCBuildConfiguration;
			buildSettings = {
				ASSETCATALOG_COMPILER_APPICON_NAME = AppIcon;
				CLANG_ANALYZER_NUMBER_OBJECT_CONVERSION = YES_AGGRESSIVE;
				CODE_SIGN_IDENTITY = "Mac Developer";
				COMBINE_HIDPI_IMAGES = YES;
				DEVELOPMENT_TEAM = 9QJ8M25J77;
				INFOPLIST_FILE = WebDropLoginHelper/Info.plist;
				LD_RUNPATH_SEARCH_PATHS = "$(inherited) @executable_path/../Frameworks";
				MACOSX_DEPLOYMENT_TARGET = 10.9;
				PRODUCT_BUNDLE_IDENTIFIER = com.JustZht.WebDropLoginHelper;
				PRODUCT_NAME = "$(TARGET_NAME)";
				PROVISIONING_PROFILE_SPECIFIER = "";
			};
			name = Release;
		};
		0DAF42221D18097500D886E4 /* Debug */ = {
			isa = XCBuildConfiguration;
			buildSettings = {
				ALWAYS_SEARCH_USER_PATHS = NO;
				CLANG_ANALYZER_LOCALIZABILITY_NONLOCALIZED = YES;
				CLANG_ANALYZER_NONNULL = YES;
				CLANG_CXX_LANGUAGE_STANDARD = "gnu++0x";
				CLANG_CXX_LIBRARY = "libc++";
				CLANG_ENABLE_MODULES = YES;
				CLANG_ENABLE_OBJC_ARC = YES;
				CLANG_WARN_BOOL_CONVERSION = YES;
				CLANG_WARN_CONSTANT_CONVERSION = YES;
				CLANG_WARN_DIRECT_OBJC_ISA_USAGE = YES_ERROR;
				CLANG_WARN_DOCUMENTATION_COMMENTS = YES;
				CLANG_WARN_EMPTY_BODY = YES;
				CLANG_WARN_ENUM_CONVERSION = YES;
				CLANG_WARN_INFINITE_RECURSION = YES;
				CLANG_WARN_INT_CONVERSION = YES;
				CLANG_WARN_OBJC_ROOT_CLASS = YES_ERROR;
				CLANG_WARN_SUSPICIOUS_MOVE = YES;
				CLANG_WARN_UNREACHABLE_CODE = YES;
				CLANG_WARN__DUPLICATE_METHOD_MATCH = YES;
				CODE_SIGN_IDENTITY = "-";
				COPY_PHASE_STRIP = NO;
				DEBUG_INFORMATION_FORMAT = dwarf;
				ENABLE_STRICT_OBJC_MSGSEND = YES;
				ENABLE_TESTABILITY = YES;
				GCC_C_LANGUAGE_STANDARD = gnu99;
				GCC_DYNAMIC_NO_PIC = NO;
				GCC_NO_COMMON_BLOCKS = YES;
				GCC_OPTIMIZATION_LEVEL = 0;
				GCC_PREPROCESSOR_DEFINITIONS = (
					"DEBUG=1",
					"$(inherited)",
				);
				GCC_WARN_64_TO_32_BIT_CONVERSION = YES;
				GCC_WARN_ABOUT_RETURN_TYPE = YES_ERROR;
				GCC_WARN_UNDECLARED_SELECTOR = YES;
				GCC_WARN_UNINITIALIZED_AUTOS = YES_AGGRESSIVE;
				GCC_WARN_UNUSED_FUNCTION = YES;
				GCC_WARN_UNUSED_VARIABLE = YES;
				MACOSX_DEPLOYMENT_TARGET = 10.9;
				MTL_ENABLE_DEBUG_INFO = YES;
				ONLY_ACTIVE_ARCH = YES;
				SDKROOT = macosx;
			};
			name = Debug;
		};
		0DAF42231D18097500D886E4 /* Release */ = {
			isa = XCBuildConfiguration;
			buildSettings = {
				ALWAYS_SEARCH_USER_PATHS = NO;
				CLANG_ANALYZER_LOCALIZABILITY_NONLOCALIZED = YES;
				CLANG_ANALYZER_NONNULL = YES;
				CLANG_CXX_LANGUAGE_STANDARD = "gnu++0x";
				CLANG_CXX_LIBRARY = "libc++";
				CLANG_ENABLE_MODULES = YES;
				CLANG_ENABLE_OBJC_ARC = YES;
				CLANG_WARN_BOOL_CONVERSION = YES;
				CLANG_WARN_CONSTANT_CONVERSION = YES;
				CLANG_WARN_DIRECT_OBJC_ISA_USAGE = YES_ERROR;
				CLANG_WARN_DOCUMENTATION_COMMENTS = YES;
				CLANG_WARN_EMPTY_BODY = YES;
				CLANG_WARN_ENUM_CONVERSION = YES;
				CLANG_WARN_INFINITE_RECURSION = YES;
				CLANG_WARN_INT_CONVERSION = YES;
				CLANG_WARN_OBJC_ROOT_CLASS = YES_ERROR;
				CLANG_WARN_SUSPICIOUS_MOVE = YES;
				CLANG_WARN_UNREACHABLE_CODE = YES;
				CLANG_WARN__DUPLICATE_METHOD_MATCH = YES;
				CODE_SIGN_IDENTITY = "-";
				COPY_PHASE_STRIP = NO;
				DEBUG_INFORMATION_FORMAT = "dwarf-with-dsym";
				ENABLE_NS_ASSERTIONS = NO;
				ENABLE_STRICT_OBJC_MSGSEND = YES;
				GCC_C_LANGUAGE_STANDARD = gnu99;
				GCC_NO_COMMON_BLOCKS = YES;
				GCC_WARN_64_TO_32_BIT_CONVERSION = YES;
				GCC_WARN_ABOUT_RETURN_TYPE = YES_ERROR;
				GCC_WARN_UNDECLARED_SELECTOR = YES;
				GCC_WARN_UNINITIALIZED_AUTOS = YES_AGGRESSIVE;
				GCC_WARN_UNUSED_FUNCTION = YES;
				GCC_WARN_UNUSED_VARIABLE = YES;
				MACOSX_DEPLOYMENT_TARGET = 10.9;
				MTL_ENABLE_DEBUG_INFO = NO;
				SDKROOT = macosx;
			};
			name = Release;
		};
		0DAF42251D18097500D886E4 /* Debug */ = {
			isa = XCBuildConfiguration;
			baseConfigurationReference = 3A0A449B7CE14B75A1AC8CF4 /* Pods-WebDrop.debug.xcconfig */;
			buildSettings = {
				ASSETCATALOG_COMPILER_APPICON_NAME = AppIcon;
				CODE_SIGN_ENTITLEMENTS = ChromeShare/ChromeShare.entitlements;
				CODE_SIGN_IDENTITY = "Mac Developer";
				COMBINE_HIDPI_IMAGES = YES;
				INFOPLIST_FILE = ChromeShare/Info.plist;
				LD_RUNPATH_SEARCH_PATHS = "$(inherited) @executable_path/../Frameworks";
				MACOSX_DEPLOYMENT_TARGET = 10.9;
				PRODUCT_BUNDLE_IDENTIFIER = com.JustZht.ChromeShare;
				PRODUCT_NAME = WebDrop;
			};
			name = Debug;
		};
		0DAF42261D18097500D886E4 /* Release */ = {
			isa = XCBuildConfiguration;
			baseConfigurationReference = 207D18817673A4F2D7B680FE /* Pods-WebDrop.release.xcconfig */;
			buildSettings = {
				ASSETCATALOG_COMPILER_APPICON_NAME = AppIcon;
				CODE_SIGN_ENTITLEMENTS = ChromeShare/ChromeShare.entitlements;
				CODE_SIGN_IDENTITY = "Mac Developer";
				COMBINE_HIDPI_IMAGES = YES;
				INFOPLIST_FILE = ChromeShare/Info.plist;
				LD_RUNPATH_SEARCH_PATHS = "$(inherited) @executable_path/../Frameworks";
				MACOSX_DEPLOYMENT_TARGET = 10.9;
				PRODUCT_BUNDLE_IDENTIFIER = com.JustZht.ChromeShare;
				PRODUCT_NAME = WebDrop;
			};
			name = Release;
		};
		0DAF42281D18097500D886E4 /* Debug */ = {
			isa = XCBuildConfiguration;
			buildSettings = {
				BUNDLE_LOADER = "$(TEST_HOST)";
				COMBINE_HIDPI_IMAGES = YES;
				INFOPLIST_FILE = ChromeShareTests/Info.plist;
				LD_RUNPATH_SEARCH_PATHS = "$(inherited) @executable_path/../Frameworks @loader_path/../Frameworks";
				PRODUCT_BUNDLE_IDENTIFIER = com.JustZht.ChromeShareTests;
				PRODUCT_NAME = WebDrop;
				TEST_HOST = "$(BUILT_PRODUCTS_DIR)/WebDrop.app/Contents/MacOS/WebDrop";
			};
			name = Debug;
		};
		0DAF42291D18097500D886E4 /* Release */ = {
			isa = XCBuildConfiguration;
			buildSettings = {
				BUNDLE_LOADER = "$(TEST_HOST)";
				COMBINE_HIDPI_IMAGES = YES;
				INFOPLIST_FILE = ChromeShareTests/Info.plist;
				LD_RUNPATH_SEARCH_PATHS = "$(inherited) @executable_path/../Frameworks @loader_path/../Frameworks";
				PRODUCT_BUNDLE_IDENTIFIER = com.JustZht.ChromeShareTests;
				PRODUCT_NAME = WebDrop;
				TEST_HOST = "$(BUILT_PRODUCTS_DIR)/WebDrop.app/Contents/MacOS/WebDrop";
			};
			name = Release;
		};
		0DAF422B1D18097500D886E4 /* Debug */ = {
			isa = XCBuildConfiguration;
			buildSettings = {
				COMBINE_HIDPI_IMAGES = YES;
				INFOPLIST_FILE = ChromeShareUITests/Info.plist;
				LD_RUNPATH_SEARCH_PATHS = "$(inherited) @executable_path/../Frameworks @loader_path/../Frameworks";
				PRODUCT_BUNDLE_IDENTIFIER = com.JustZht.ChromeShareUITests;
				PRODUCT_NAME = WebDrop;
				TEST_TARGET_NAME = ChromeShare;
			};
			name = Debug;
		};
		0DAF422C1D18097500D886E4 /* Release */ = {
			isa = XCBuildConfiguration;
			buildSettings = {
				COMBINE_HIDPI_IMAGES = YES;
				INFOPLIST_FILE = ChromeShareUITests/Info.plist;
				LD_RUNPATH_SEARCH_PATHS = "$(inherited) @executable_path/../Frameworks @loader_path/../Frameworks";
				PRODUCT_BUNDLE_IDENTIFIER = com.JustZht.ChromeShareUITests;
				PRODUCT_NAME = WebDrop;
				TEST_TARGET_NAME = ChromeShare;
			};
			name = Release;
		};
/* End XCBuildConfiguration section */

/* Begin XCConfigurationList section */
		0D2595C31EE67967004B21BD /* Build configuration list for PBXNativeTarget "WebDropLoginHelper" */ = {
			isa = XCConfigurationList;
			buildConfigurations = (
				0D2595C41EE67967004B21BD /* Debug */,
				0D2595C51EE67967004B21BD /* Release */,
			);
			defaultConfigurationIsVisible = 0;
		};
		0DAF41F81D18097500D886E4 /* Build configuration list for PBXProject "WebDrop" */ = {
			isa = XCConfigurationList;
			buildConfigurations = (
				0DAF42221D18097500D886E4 /* Debug */,
				0DAF42231D18097500D886E4 /* Release */,
			);
			defaultConfigurationIsVisible = 0;
			defaultConfigurationName = Release;
		};
		0DAF42241D18097500D886E4 /* Build configuration list for PBXNativeTarget "WebDrop" */ = {
			isa = XCConfigurationList;
			buildConfigurations = (
				0DAF42251D18097500D886E4 /* Debug */,
				0DAF42261D18097500D886E4 /* Release */,
			);
			defaultConfigurationIsVisible = 0;
			defaultConfigurationName = Release;
		};
		0DAF42271D18097500D886E4 /* Build configuration list for PBXNativeTarget "WebDropTests" */ = {
			isa = XCConfigurationList;
			buildConfigurations = (
				0DAF42281D18097500D886E4 /* Debug */,
				0DAF42291D18097500D886E4 /* Release */,
			);
			defaultConfigurationIsVisible = 0;
			defaultConfigurationName = Release;
		};
		0DAF422A1D18097500D886E4 /* Build configuration list for PBXNativeTarget "WebDropUITests" */ = {
			isa = XCConfigurationList;
			buildConfigurations = (
				0DAF422B1D18097500D886E4 /* Debug */,
				0DAF422C1D18097500D886E4 /* Release */,
			);
			defaultConfigurationIsVisible = 0;
			defaultConfigurationName = Release;
		};
/* End XCConfigurationList section */
	};
	rootObject = 0DAF41F51D18097500D886E4 /* Project object */;
}
